
Microsoft Visual Studio Solution File, Format Version 12.00
# Visual Studio 15
VisualStudioVersion = 15.0.27428.2002
MinimumVisualStudioVersion = 10.0.40219.1
Project("{FAE04EC0-301F-11D3-BF4B-00C04F79EFBC}") = "RTX64_LibcxxTestSuiteMonitor", "RTX64_LibcxxTestSuiteMonitor\RTX64_LibcxxTestSuiteMonitor.csproj", "{1C9844F7-F4DE-491B-85A9-0348A4CEDE8E}"
EndProject
Global
	GlobalSection(SolutionConfigurationPlatforms) = preSolution
		Debug|Any CPU = Debug|Any CPU
		Release|Any CPU = Release|Any CPU
	EndGlobalSection
	GlobalSection(ProjectConfigurationPlatforms) = postSolution
		{1C9844F7-F4DE-491B-85A9-0348A4CEDE8E}.Debug|Any CPU.ActiveCfg = Debug|Any CPU
		{1C9844F7-F4DE-491B-85A9-0348A4CEDE8E}.Debug|Any CPU.Build.0 = Debug|Any CPU
		{1C9844F7-F4DE-491B-85A9-0348A4CEDE8E}.Release|Any CPU.ActiveCfg = Release|Any CPU
		{1C9844F7-F4DE-491B-85A9-0348A4CEDE8E}.Release|Any CPU.Build.0 = Release|Any CPU
	EndGlobalSection
	GlobalSection(SolutionProperties) = preSolution
		HideSolutionNode = FALSE
	EndGlobalSection
	GlobalSection(ExtensibilityGlobals) = postSolution
		SolutionGuid = {0EA266BE-82C3-460F-803B-E5CD61979E8D}
	EndGlobalSection
EndGlobal
